{
  "version": "5",
  "specifiers": {
    "npm:@sveltejs/adapter-auto@6": "6.0.1_@sveltejs+kit@2.21.1__@sveltejs+vite-plugin-svelte@5.0.3___svelte@5.33.1____acorn@8.14.1___vite@6.3.5____picomatch@4.0.2__svelte@5.33.1___acorn@8.14.1__vite@6.3.5___picomatch@4.0.2__acorn@8.14.1_@sveltejs+vite-plugin-svelte@5.0.3__svelte@5.33.1___acorn@8.14.1__vite@6.3.5___picomatch@4.0.2_svelte@5.33.1__acorn@8.14.1_vite@6.3.5__picomatch@4.0.2",
    "npm:@sveltejs/kit@^2.16.0": "2.21.1_@sveltejs+vite-plugin-svelte@5.0.3__svelte@5.33.1___acorn@8.14.1__vite@6.3.5___picomatch@4.0.2_svelte@5.33.1__acorn@8.14.1_vite@6.3.5__picomatch@4.0.2_acorn@8.14.1",
    "npm:@sveltejs/vite-plugin-svelte@5": "5.0.3_svelte@5.33.1__acorn@8.14.1_vite@6.3.5__picomatch@4.0.2",
    "npm:@tailwindcss/forms@~0.5.9": "0.5.10_tailwindcss@4.1.7",
    "npm:@tailwindcss/typography@~0.5.15": "0.5.16_tailwindcss@4.1.7",
    "npm:@tailwindcss/vite@4": "4.1.7_vite@6.3.5__picomatch@4.0.2",
    "npm:@types/qrcode@^1.5.5": "1.5.5",
    "npm:peerjs@^1.5.4": "1.5.4",
    "npm:qr-scanner@^1.4.2": "1.4.2",
    "npm:qrcode@^1.5.4": "1.5.4",
    "npm:svelte-check@4": "4.2.1_svelte@5.33.1__acorn@8.14.1_typescript@5.8.3",
    "npm:svelte@5": "5.33.1_acorn@8.14.1",
    "npm:tailwindcss@4": "4.1.7",
    "npm:typescript@5": "5.8.3",
    "npm:vite@^6.2.6": "6.3.5_picomatch@4.0.2"
  },
  "npm": {
    "@ampproject/remapping@2.3.0": {
      "integrity": "sha512-30iZtAPgz+LTIYoeivqYo853f02jBYSd5uGnGpkFV0M3xOt9aN73erkgYAmZU43x4VfqcnLxW9Kpg3R5LC4YYw==",
      "dependencies": [
        "@jridgewell/gen-mapping",
        "@jridgewell/trace-mapping"
      ]
    },
    "@emnapi/core@1.4.3": {
      "integrity": "sha512-4m62DuCE07lw01soJwPiBGC0nAww0Q+RY70VZ+n49yDIO13yyinhbWCeNnaob0lakDtWQzSdtNWzJeOJt2ma+g==",
      "dependencies": [
        "@emnapi/wasi-threads",
        "tslib"
      ]
    },
    "@emnapi/runtime@1.4.3": {
      "integrity": "sha512-pBPWdu6MLKROBX05wSNKcNb++m5Er+KQ9QkB+WVM+pW2Kx9hoSrVTnu3BdkI5eBLZoKu/J6mW/B6i6bJB2ytXQ==",
      "dependencies": [
        "tslib"
      ]
    },
    "@emnapi/wasi-threads@1.0.2": {
      "integrity": "sha512-5n3nTJblwRi8LlXkJ9eBzu+kZR8Yxcc7ubakyQTFzPMtIhFpUBRbsnc2Dv88IZDIbCDlBiWrknhB4Lsz7mg6BA==",
      "dependencies": [
        "tslib"
      ]
    },
    "@esbuild/aix-ppc64@0.25.4": {
      "integrity": "sha512-1VCICWypeQKhVbE9oW/sJaAmjLxhVqacdkvPLEjwlttjfwENRSClS8EjBz0KzRyFSCPDIkuXW34Je/vk7zdB7Q==",
      "os": ["aix"],
      "cpu": ["ppc64"]
    },
    "@esbuild/android-arm64@0.25.4": {
      "integrity": "sha512-bBy69pgfhMGtCnwpC/x5QhfxAz/cBgQ9enbtwjf6V9lnPI/hMyT9iWpR1arm0l3kttTr4L0KSLpKmLp/ilKS9A==",
      "os": ["android"],
      "cpu": ["arm64"]
    },
    "@esbuild/android-arm@0.25.4": {
      "integrity": "sha512-QNdQEps7DfFwE3hXiU4BZeOV68HHzYwGd0Nthhd3uCkkEKK7/R6MTgM0P7H7FAs5pU/DIWsviMmEGxEoxIZ+ZQ==",
      "os": ["android"],
      "cpu": ["arm"]
    },
    "@esbuild/android-x64@0.25.4": {
      "integrity": "sha512-TVhdVtQIFuVpIIR282btcGC2oGQoSfZfmBdTip2anCaVYcqWlZXGcdcKIUklfX2wj0JklNYgz39OBqh2cqXvcQ==",
      "os": ["android"],
      "cpu": ["x64"]
    },
    "@esbuild/darwin-arm64@0.25.4": {
      "integrity": "sha512-Y1giCfM4nlHDWEfSckMzeWNdQS31BQGs9/rouw6Ub91tkK79aIMTH3q9xHvzH8d0wDru5Ci0kWB8b3up/nl16g==",
      "os": ["darwin"],
      "cpu": ["arm64"]
    },
    "@esbuild/darwin-x64@0.25.4": {
      "integrity": "sha512-CJsry8ZGM5VFVeyUYB3cdKpd/H69PYez4eJh1W/t38vzutdjEjtP7hB6eLKBoOdxcAlCtEYHzQ/PJ/oU9I4u0A==",
      "os": ["darwin"],
      "cpu": ["x64"]
    },
    "@esbuild/freebsd-arm64@0.25.4": {
      "integrity": "sha512-yYq+39NlTRzU2XmoPW4l5Ifpl9fqSk0nAJYM/V/WUGPEFfek1epLHJIkTQM6bBs1swApjO5nWgvr843g6TjxuQ==",
      "os": ["freebsd"],
      "cpu": ["arm64"]
    },
    "@esbuild/freebsd-x64@0.25.4": {
      "integrity": "sha512-0FgvOJ6UUMflsHSPLzdfDnnBBVoCDtBTVyn/MrWloUNvq/5SFmh13l3dvgRPkDihRxb77Y17MbqbCAa2strMQQ==",
      "os": ["freebsd"],
      "cpu": ["x64"]
    },
    "@esbuild/linux-arm64@0.25.4": {
      "integrity": "sha512-+89UsQTfXdmjIvZS6nUnOOLoXnkUTB9hR5QAeLrQdzOSWZvNSAXAtcRDHWtqAUtAmv7ZM1WPOOeSxDzzzMogiQ==",
      "os": ["linux"],
      "cpu": ["arm64"]
    },
    "@esbuild/linux-arm@0.25.4": {
      "integrity": "sha512-kro4c0P85GMfFYqW4TWOpvmF8rFShbWGnrLqlzp4X1TNWjRY3JMYUfDCtOxPKOIY8B0WC8HN51hGP4I4hz4AaQ==",
      "os": ["linux"],
      "cpu": ["arm"]
    },
    "@esbuild/linux-ia32@0.25.4": {
      "integrity": "sha512-yTEjoapy8UP3rv8dB0ip3AfMpRbyhSN3+hY8mo/i4QXFeDxmiYbEKp3ZRjBKcOP862Ua4b1PDfwlvbuwY7hIGQ==",
      "os": ["linux"],
      "cpu": ["ia32"]
    },
    "@esbuild/linux-loong64@0.25.4": {
      "integrity": "sha512-NeqqYkrcGzFwi6CGRGNMOjWGGSYOpqwCjS9fvaUlX5s3zwOtn1qwg1s2iE2svBe4Q/YOG1q6875lcAoQK/F4VA==",
      "os": ["linux"],
      "cpu": ["loong64"]
    },
    "@esbuild/linux-mips64el@0.25.4": {
      "integrity": "sha512-IcvTlF9dtLrfL/M8WgNI/qJYBENP3ekgsHbYUIzEzq5XJzzVEV/fXY9WFPfEEXmu3ck2qJP8LG/p3Q8f7Zc2Xg==",
      "os": ["linux"],
      "cpu": ["mips64el"]
    },
    "@esbuild/linux-ppc64@0.25.4": {
      "integrity": "sha512-HOy0aLTJTVtoTeGZh4HSXaO6M95qu4k5lJcH4gxv56iaycfz1S8GO/5Jh6X4Y1YiI0h7cRyLi+HixMR+88swag==",
      "os": ["linux"],
      "cpu": ["ppc64"]
    },
    "@esbuild/linux-riscv64@0.25.4": {
      "integrity": "sha512-i8JUDAufpz9jOzo4yIShCTcXzS07vEgWzyX3NH2G7LEFVgrLEhjwL3ajFE4fZI3I4ZgiM7JH3GQ7ReObROvSUA==",
      "os": ["linux"],
      "cpu": ["riscv64"]
    },
    "@esbuild/linux-s390x@0.25.4": {
      "integrity": "sha512-jFnu+6UbLlzIjPQpWCNh5QtrcNfMLjgIavnwPQAfoGx4q17ocOU9MsQ2QVvFxwQoWpZT8DvTLooTvmOQXkO51g==",
      "os": ["linux"],
      "cpu": ["s390x"]
    },
    "@esbuild/linux-x64@0.25.4": {
      "integrity": "sha512-6e0cvXwzOnVWJHq+mskP8DNSrKBr1bULBvnFLpc1KY+d+irZSgZ02TGse5FsafKS5jg2e4pbvK6TPXaF/A6+CA==",
      "os": ["linux"],
      "cpu": ["x64"]
    },
    "@esbuild/netbsd-arm64@0.25.4": {
      "integrity": "sha512-vUnkBYxZW4hL/ie91hSqaSNjulOnYXE1VSLusnvHg2u3jewJBz3YzB9+oCw8DABeVqZGg94t9tyZFoHma8gWZQ==",
      "os": ["netbsd"],
      "cpu": ["arm64"]
    },
    "@esbuild/netbsd-x64@0.25.4": {
      "integrity": "sha512-XAg8pIQn5CzhOB8odIcAm42QsOfa98SBeKUdo4xa8OvX8LbMZqEtgeWE9P/Wxt7MlG2QqvjGths+nq48TrUiKw==",
      "os": ["netbsd"],
      "cpu": ["x64"]
    },
    "@esbuild/openbsd-arm64@0.25.4": {
      "integrity": "sha512-Ct2WcFEANlFDtp1nVAXSNBPDxyU+j7+tId//iHXU2f/lN5AmO4zLyhDcpR5Cz1r08mVxzt3Jpyt4PmXQ1O6+7A==",
      "os": ["openbsd"],
      "cpu": ["arm64"]
    },
    "@esbuild/openbsd-x64@0.25.4": {
      "integrity": "sha512-xAGGhyOQ9Otm1Xu8NT1ifGLnA6M3sJxZ6ixylb+vIUVzvvd6GOALpwQrYrtlPouMqd/vSbgehz6HaVk4+7Afhw==",
      "os": ["openbsd"],
      "cpu": ["x64"]
    },
    "@esbuild/sunos-x64@0.25.4": {
      "integrity": "sha512-Mw+tzy4pp6wZEK0+Lwr76pWLjrtjmJyUB23tHKqEDP74R3q95luY/bXqXZeYl4NYlvwOqoRKlInQialgCKy67Q==",
      "os": ["sunos"],
      "cpu": ["x64"]
    },
    "@esbuild/win32-arm64@0.25.4": {
      "integrity": "sha512-AVUP428VQTSddguz9dO9ngb+E5aScyg7nOeJDrF1HPYu555gmza3bDGMPhmVXL8svDSoqPCsCPjb265yG/kLKQ==",
      "os": ["win32"],
      "cpu": ["arm64"]
    },
    "@esbuild/win32-ia32@0.25.4": {
      "integrity": "sha512-i1sW+1i+oWvQzSgfRcxxG2k4I9n3O9NRqy8U+uugaT2Dy7kLO9Y7wI72haOahxceMX8hZAzgGou1FhndRldxRg==",
      "os": ["win32"],
      "cpu": ["ia32"]
    },
    "@esbuild/win32-x64@0.25.4": {
      "integrity": "sha512-nOT2vZNw6hJ+z43oP1SPea/G/6AbN6X+bGNhNuq8NtRHy4wsMhw765IKLNmnjek7GvjWBYQ8Q5VBoYTFg9y1UQ==",
      "os": ["win32"],
      "cpu": ["x64"]
    },
    "@isaacs/fs-minipass@4.0.1": {
      "integrity": "sha512-wgm9Ehl2jpeqP3zw/7mo3kRHFp5MEDhqAdwy1fTGkHAwnkGOVsgpvQhL8B5n1qlb01jV3n/bI0ZfZp5lWA1k4w==",
      "dependencies": [
        "minipass"
      ]
    },
    "@jridgewell/gen-mapping@0.3.8": {
      "integrity": "sha512-imAbBGkb+ebQyxKgzv5Hu2nmROxoDOXHh80evxdoXNOrvAnVx7zimzc1Oo5h9RlfV4vPXaE2iM5pOFbvOCClWA==",
      "dependencies": [
        "@jridgewell/set-array",
        "@jridgewell/sourcemap-codec",
        "@jridgewell/trace-mapping"
      ]
    },
    "@jridgewell/resolve-uri@3.1.2": {
      "integrity": "sha512-bRISgCIjP20/tbWSPWMEi54QVPRZExkuD9lJL+UIxUKtwVJA8wW1Trb1jMs1RFXo1CBTNZ/5hpC9QvmKWdopKw=="
    },
    "@jridgewell/set-array@1.2.1": {
      "integrity": "sha512-R8gLRTZeyp03ymzP/6Lil/28tGeGEzhx1q2k703KGWRAI1VdvPIXdG70VJc2pAMw3NA6JKL5hhFu1sJX0Mnn/A=="
    },
    "@jridgewell/sourcemap-codec@1.5.0": {
      "integrity": "sha512-gv3ZRaISU3fjPAgNsriBRqGWQL6quFx04YMPW/zD8XMLsU32mhCCbfbO6KZFLjvYpCZ8zyDEgqsgf+PwPaM7GQ=="
    },
    "@jridgewell/trace-mapping@0.3.25": {
      "integrity": "sha512-vNk6aEwybGtawWmy/PzwnGDOjCkLWSD2wqvjGGAgOAwCGWySYXfYoxt00IJkTF+8Lb57DwOb3Aa0o9CApepiYQ==",
      "dependencies": [
        "@jridgewell/resolve-uri",
        "@jridgewell/sourcemap-codec"
      ]
    },
    "@msgpack/msgpack@2.8.0": {
      "integrity": "sha512-h9u4u/jiIRKbq25PM+zymTyW6bhTzELvOoUd+AvYriWOAKpLGnIamaET3pnHYoI5iYphAHBI4ayx0MehR+VVPQ=="
    },
    "@napi-rs/wasm-runtime@0.2.10": {
      "integrity": "sha512-bCsCyeZEwVErsGmyPNSzwfwFn4OdxBj0mmv6hOFucB/k81Ojdu68RbZdxYsRQUPc9l6SU5F/cG+bXgWs3oUgsQ==",
      "dependencies": [
        "@emnapi/core",
        "@emnapi/runtime",
        "@tybys/wasm-util"
      ]
    },
    "@polka/url@1.0.0-next.29": {
      "integrity": "sha512-wwQAWhWSuHaag8c4q/KN/vCoeOJYshAIvMQwD4GpSb3OiZklFfvAgmj0VCBBImRpuF/aFgIRzllXlVX93Jevww=="
    },
    "@rollup/rollup-android-arm-eabi@4.41.0": {
      "integrity": "sha512-KxN+zCjOYHGwCl4UCtSfZ6jrq/qi88JDUtiEFk8LELEHq2Egfc/FgW+jItZiOLRuQfb/3xJSgFuNPC9jzggX+A==",
      "os": ["android"],
      "cpu": ["arm"]
    },
    "@rollup/rollup-android-arm64@4.41.0": {
      "integrity": "sha512-yDvqx3lWlcugozax3DItKJI5j05B0d4Kvnjx+5mwiUpWramVvmAByYigMplaoAQ3pvdprGCTCE03eduqE/8mPQ==",
      "os": ["android"],
      "cpu": ["arm64"]
    },
    "@rollup/rollup-darwin-arm64@4.41.0": {
      "integrity": "sha512-2KOU574vD3gzcPSjxO0eyR5iWlnxxtmW1F5CkNOHmMlueKNCQkxR6+ekgWyVnz6zaZihpUNkGxjsYrkTJKhkaw==",
      "os": ["darwin"],
      "cpu": ["arm64"]
    },
    "@rollup/rollup-darwin-x64@4.41.0": {
      "integrity": "sha512-gE5ACNSxHcEZyP2BA9TuTakfZvULEW4YAOtxl/A/YDbIir/wPKukde0BNPlnBiP88ecaN4BJI2TtAd+HKuZPQQ==",
      "os": ["darwin"],
      "cpu": ["x64"]
    },
    "@rollup/rollup-freebsd-arm64@4.41.0": {
      "integrity": "sha512-GSxU6r5HnWij7FoSo7cZg3l5GPg4HFLkzsFFh0N/b16q5buW1NAWuCJ+HMtIdUEi6XF0qH+hN0TEd78laRp7Dg==",
      "os": ["freebsd"],
      "cpu": ["arm64"]
    },
    "@rollup/rollup-freebsd-x64@4.41.0": {
      "integrity": "sha512-KGiGKGDg8qLRyOWmk6IeiHJzsN/OYxO6nSbT0Vj4MwjS2XQy/5emsmtoqLAabqrohbgLWJ5GV3s/ljdrIr8Qjg==",
      "os": ["freebsd"],
      "cpu": ["x64"]
    },
    "@rollup/rollup-linux-arm-gnueabihf@4.41.0": {
      "integrity": "sha512-46OzWeqEVQyX3N2/QdiU/CMXYDH/lSHpgfBkuhl3igpZiaB3ZIfSjKuOnybFVBQzjsLwkus2mjaESy8H41SzvA==",
      "os": ["linux"],
      "cpu": ["arm"]
    },
    "@rollup/rollup-linux-arm-musleabihf@4.41.0": {
      "integrity": "sha512-lfgW3KtQP4YauqdPpcUZHPcqQXmTmH4nYU0cplNeW583CMkAGjtImw4PKli09NFi2iQgChk4e9erkwlfYem6Lg==",
      "os": ["linux"],
      "cpu": ["arm"]
    },
    "@rollup/rollup-linux-arm64-gnu@4.41.0": {
      "integrity": "sha512-nn8mEyzMbdEJzT7cwxgObuwviMx6kPRxzYiOl6o/o+ChQq23gfdlZcUNnt89lPhhz3BYsZ72rp0rxNqBSfqlqw==",
      "os": ["linux"],
      "cpu": ["arm64"]
    },
    "@rollup/rollup-linux-arm64-musl@4.41.0": {
      "integrity": "sha512-l+QK99je2zUKGd31Gh+45c4pGDAqZSuWQiuRFCdHYC2CSiO47qUWsCcenrI6p22hvHZrDje9QjwSMAFL3iwXwQ==",
      "os": ["linux"],
      "cpu": ["arm64"]
    },
    "@rollup/rollup-linux-loongarch64-gnu@4.41.0": {
      "integrity": "sha512-WbnJaxPv1gPIm6S8O/Wg+wfE/OzGSXlBMbOe4ie+zMyykMOeqmgD1BhPxZQuDqwUN+0T/xOFtL2RUWBspnZj3w==",
      "os": ["linux"],
      "cpu": ["loong64"]
    },
    "@rollup/rollup-linux-powerpc64le-gnu@4.41.0": {
      "integrity": "sha512-eRDWR5t67/b2g8Q/S8XPi0YdbKcCs4WQ8vklNnUYLaSWF+Cbv2axZsp4jni6/j7eKvMLYCYdcsv8dcU+a6QNFg==",
      "os": ["linux"],
      "cpu": ["ppc64"]
    },
    "@rollup/rollup-linux-riscv64-gnu@4.41.0": {
      "integrity": "sha512-TWrZb6GF5jsEKG7T1IHwlLMDRy2f3DPqYldmIhnA2DVqvvhY2Ai184vZGgahRrg8k9UBWoSlHv+suRfTN7Ua4A==",
      "os": ["linux"],
      "cpu": ["riscv64"]
    },
    "@rollup/rollup-linux-riscv64-musl@4.41.0": {
      "integrity": "sha512-ieQljaZKuJpmWvd8gW87ZmSFwid6AxMDk5bhONJ57U8zT77zpZ/TPKkU9HpnnFrM4zsgr4kiGuzbIbZTGi7u9A==",
      "os": ["linux"],
      "cpu": ["riscv64"]
    },
    "@rollup/rollup-linux-s390x-gnu@4.41.0": {
      "integrity": "sha512-/L3pW48SxrWAlVsKCN0dGLB2bi8Nv8pr5S5ocSM+S0XCn5RCVCXqi8GVtHFsOBBCSeR+u9brV2zno5+mg3S4Aw==",
      "os": ["linux"],
      "cpu": ["s390x"]
    },
    "@rollup/rollup-linux-x64-gnu@4.41.0": {
      "integrity": "sha512-XMLeKjyH8NsEDCRptf6LO8lJk23o9wvB+dJwcXMaH6ZQbbkHu2dbGIUindbMtRN6ux1xKi16iXWu6q9mu7gDhQ==",
      "os": ["linux"],
      "cpu": ["x64"]
    },
    "@rollup/rollup-linux-x64-musl@4.41.0": {
      "integrity": "sha512-m/P7LycHZTvSQeXhFmgmdqEiTqSV80zn6xHaQ1JSqwCtD1YGtwEK515Qmy9DcB2HK4dOUVypQxvhVSy06cJPEg==",
      "os": ["linux"],
      "cpu": ["x64"]
    },
    "@rollup/rollup-win32-arm64-msvc@4.41.0": {
      "integrity": "sha512-4yodtcOrFHpbomJGVEqZ8fzD4kfBeCbpsUy5Pqk4RluXOdsWdjLnjhiKy2w3qzcASWd04fp52Xz7JKarVJ5BTg==",
      "os": ["win32"],
      "cpu": ["arm64"]
    },
    "@rollup/rollup-win32-ia32-msvc@4.41.0": {
      "integrity": "sha512-tmazCrAsKzdkXssEc65zIE1oC6xPHwfy9d5Ta25SRCDOZS+I6RypVVShWALNuU9bxIfGA0aqrmzlzoM5wO5SPQ==",
      "os": ["win32"],
      "cpu": ["ia32"]
    },
    "@rollup/rollup-win32-x64-msvc@4.41.0": {
      "integrity": "sha512-h1J+Yzjo/X+0EAvR2kIXJDuTuyT7drc+t2ALY0nIcGPbTatNOf0VWdhEA2Z4AAjv6X1NJV7SYo5oCTYRJhSlVA==",
      "os": ["win32"],
      "cpu": ["x64"]
    },
    "@sveltejs/acorn-typescript@1.0.5_acorn@8.14.1": {
      "integrity": "sha512-IwQk4yfwLdibDlrXVE04jTZYlLnwsTT2PIOQQGNLWfjavGifnk1JD1LcZjZaBTRcxZu2FfPfNLOE04DSu9lqtQ==",
      "dependencies": [
        "acorn"
      ]
    },
    "@sveltejs/adapter-auto@6.0.1_@sveltejs+kit@2.21.1__@sveltejs+vite-plugin-svelte@5.0.3___svelte@5.33.1____acorn@8.14.1___vite@6.3.5____picomatch@4.0.2__svelte@5.33.1___acorn@8.14.1__vite@6.3.5___picomatch@4.0.2__acorn@8.14.1_@sveltejs+vite-plugin-svelte@5.0.3__svelte@5.33.1___acorn@8.14.1__vite@6.3.5___picomatch@4.0.2_svelte@5.33.1__acorn@8.14.1_vite@6.3.5__picomatch@4.0.2": {
      "integrity": "sha512-mcWud3pYGPWM2Pphdj8G9Qiq24nZ8L4LB7coCUckUEy5Y7wOWGJ/enaZ4AtJTcSm5dNK1rIkBRoqt+ae4zlxcQ==",
      "dependencies": [
        "@sveltejs/kit"
      ]
    },
    "@sveltejs/kit@2.21.1_@sveltejs+vite-plugin-svelte@5.0.3__svelte@5.33.1___acorn@8.14.1__vite@6.3.5___picomatch@4.0.2_svelte@5.33.1__acorn@8.14.1_vite@6.3.5__picomatch@4.0.2_acorn@8.14.1": {
      "integrity": "sha512-vLbtVwtDcK8LhJKnFkFYwM0uCdFmzioQnif0bjEYH1I24Arz22JPr/hLUiXGVYAwhu8INKx5qrdvr4tHgPwX6w==",
      "dependencies": [
        "@sveltejs/acorn-typescript",
        "@sveltejs/vite-plugin-svelte",
        "@types/cookie",
        "acorn",
        "cookie",
        "devalue",
        "esm-env",
        "kleur",
        "magic-string",
        "mrmime",
        "sade",
        "set-cookie-parser",
        "sirv",
        "svelte",
        "vite"
      ],
      "bin": true
    },
    "@sveltejs/vite-plugin-svelte-inspector@4.0.1_@sveltejs+vite-plugin-svelte@5.0.3__svelte@5.33.1___acorn@8.14.1__vite@6.3.5___picomatch@4.0.2_svelte@5.33.1__acorn@8.14.1_vite@6.3.5__picomatch@4.0.2": {
      "integrity": "sha512-J/Nmb2Q2y7mck2hyCX4ckVHcR5tu2J+MtBEQqpDrrgELZ2uvraQcK/ioCV61AqkdXFgriksOKIceDcQmqnGhVw==",
      "dependencies": [
        "@sveltejs/vite-plugin-svelte",
        "debug",
        "svelte",
        "vite"
      ]
    },
    "@sveltejs/vite-plugin-svelte@5.0.3_svelte@5.33.1__acorn@8.14.1_vite@6.3.5__picomatch@4.0.2": {
      "integrity": "sha512-MCFS6CrQDu1yGwspm4qtli0e63vaPCehf6V7pIMP15AsWgMKrqDGCPFF/0kn4SP0ii4aySu4Pa62+fIRGFMjgw==",
      "dependencies": [
        "@sveltejs/vite-plugin-svelte-inspector",
        "debug",
        "deepmerge",
        "kleur",
        "magic-string",
        "svelte",
        "vite",
        "vitefu"
      ]
    },
    "@tailwindcss/forms@0.5.10_tailwindcss@4.1.7": {
      "integrity": "sha512-utI1ONF6uf/pPNO68kmN1b8rEwNXv3czukalo8VtJH8ksIkZXr3Q3VYudZLkCsDd4Wku120uF02hYK25XGPorw==",
      "dependencies": [
        "mini-svg-data-uri",
        "tailwindcss"
      ]
    },
    "@tailwindcss/node@4.1.7": {
      "integrity": "sha512-9rsOpdY9idRI2NH6CL4wORFY0+Q6fnx9XP9Ju+iq/0wJwGD5IByIgFmwVbyy4ymuyprj8Qh4ErxMKTUL4uNh3g==",
      "dependencies": [
        "@ampproject/remapping",
        "enhanced-resolve",
        "jiti",
        "lightningcss",
        "magic-string",
        "source-map-js",
        "tailwindcss"
      ]
    },
    "@tailwindcss/oxide-android-arm64@4.1.7": {
      "integrity": "sha512-IWA410JZ8fF7kACus6BrUwY2Z1t1hm0+ZWNEzykKmMNM09wQooOcN/VXr0p/WJdtHZ90PvJf2AIBS/Ceqx1emg==",
      "os": ["android"],
      "cpu": ["arm64"]
    },
    "@tailwindcss/oxide-darwin-arm64@4.1.7": {
      "integrity": "sha512-81jUw9To7fimGGkuJ2W5h3/oGonTOZKZ8C2ghm/TTxbwvfSiFSDPd6/A/KE2N7Jp4mv3Ps9OFqg2fEKgZFfsvg==",
      "os": ["darwin"],
      "cpu": ["arm64"]
    },
    "@tailwindcss/oxide-darwin-x64@4.1.7": {
      "integrity": "sha512-q77rWjEyGHV4PdDBtrzO0tgBBPlQWKY7wZK0cUok/HaGgbNKecegNxCGikuPJn5wFAlIywC3v+WMBt0PEBtwGw==",
      "os": ["darwin"],
      "cpu": ["x64"]
    },
    "@tailwindcss/oxide-freebsd-x64@4.1.7": {
      "integrity": "sha512-RfmdbbK6G6ptgF4qqbzoxmH+PKfP4KSVs7SRlTwcbRgBwezJkAO3Qta/7gDy10Q2DcUVkKxFLXUQO6J3CRvBGw==",
      "os": ["freebsd"],
      "cpu": ["x64"]
    },
    "@tailwindcss/oxide-linux-arm-gnueabihf@4.1.7": {
      "integrity": "sha512-OZqsGvpwOa13lVd1z6JVwQXadEobmesxQ4AxhrwRiPuE04quvZHWn/LnihMg7/XkN+dTioXp/VMu/p6A5eZP3g==",
      "os": ["linux"],
      "cpu": ["arm"]
    },
    "@tailwindcss/oxide-linux-arm64-gnu@4.1.7": {
      "integrity": "sha512-voMvBTnJSfKecJxGkoeAyW/2XRToLZ227LxswLAwKY7YslG/Xkw9/tJNH+3IVh5bdYzYE7DfiaPbRkSHFxY1xA==",
      "os": ["linux"],
      "cpu": ["arm64"]
    },
    "@tailwindcss/oxide-linux-arm64-musl@4.1.7": {
      "integrity": "sha512-PjGuNNmJeKHnP58M7XyjJyla8LPo+RmwHQpBI+W/OxqrwojyuCQ+GUtygu7jUqTEexejZHr/z3nBc/gTiXBj4A==",
      "os": ["linux"],
      "cpu": ["arm64"]
    },
    "@tailwindcss/oxide-linux-x64-gnu@4.1.7": {
      "integrity": "sha512-HMs+Va+ZR3gC3mLZE00gXxtBo3JoSQxtu9lobbZd+DmfkIxR54NO7Z+UQNPsa0P/ITn1TevtFxXTpsRU7qEvWg==",
      "os": ["linux"],
      "cpu": ["x64"]
    },
    "@tailwindcss/oxide-linux-x64-musl@4.1.7": {
      "integrity": "sha512-MHZ6jyNlutdHH8rd+YTdr3QbXrHXqwIhHw9e7yXEBcQdluGwhpQY2Eku8UZK6ReLaWtQ4gijIv5QoM5eE+qlsA==",
      "os": ["linux"],
      "cpu": ["x64"]
    },
    "@tailwindcss/oxide-wasm32-wasi@4.1.7": {
      "integrity": "sha512-ANaSKt74ZRzE2TvJmUcbFQ8zS201cIPxUDm5qez5rLEwWkie2SkGtA4P+GPTj+u8N6JbPrC8MtY8RmJA35Oo+A==",
      "dependencies": [
        "@emnapi/core",
        "@emnapi/runtime",
        "@emnapi/wasi-threads",
        "@napi-rs/wasm-runtime",
        "@tybys/wasm-util",
        "tslib"
      ],
      "cpu": ["wasm32"]
    },
    "@tailwindcss/oxide-win32-arm64-msvc@4.1.7": {
      "integrity": "sha512-HUiSiXQ9gLJBAPCMVRk2RT1ZrBjto7WvqsPBwUrNK2BcdSxMnk19h4pjZjI7zgPhDxlAbJSumTC4ljeA9y0tEw==",
      "os": ["win32"],
      "cpu": ["arm64"]
    },
    "@tailwindcss/oxide-win32-x64-msvc@4.1.7": {
      "integrity": "sha512-rYHGmvoHiLJ8hWucSfSOEmdCBIGZIq7SpkPRSqLsH2Ab2YUNgKeAPT1Fi2cx3+hnYOrAb0jp9cRyode3bBW4mQ==",
      "os": ["win32"],
      "cpu": ["x64"]
    },
    "@tailwindcss/oxide@4.1.7": {
      "integrity": "sha512-5SF95Ctm9DFiUyjUPnDGkoKItPX/k+xifcQhcqX5RA85m50jw1pT/KzjdvlqxRja45Y52nR4MR9fD1JYd7f8NQ==",
      "dependencies": [
        "detect-libc",
        "tar"
      ],
      "optionalDependencies": [
        "@tailwindcss/oxide-android-arm64",
        "@tailwindcss/oxide-darwin-arm64",
        "@tailwindcss/oxide-darwin-x64",
        "@tailwindcss/oxide-freebsd-x64",
        "@tailwindcss/oxide-linux-arm-gnueabihf",
        "@tailwindcss/oxide-linux-arm64-gnu",
        "@tailwindcss/oxide-linux-arm64-musl",
        "@tailwindcss/oxide-linux-x64-gnu",
        "@tailwindcss/oxide-linux-x64-musl",
        "@tailwindcss/oxide-wasm32-wasi",
        "@tailwindcss/oxide-win32-arm64-msvc",
        "@tailwindcss/oxide-win32-x64-msvc"
      ],
      "scripts": true
    },
    "@tailwindcss/typography@0.5.16_tailwindcss@4.1.7": {
      "integrity": "sha512-0wDLwCVF5V3x3b1SGXPCDcdsbDHMBe+lkFzBRaHeLvNi+nrrnZ1lA18u+OTWO8iSWU2GxUOCvlXtDuqftc1oiA==",
      "dependencies": [
        "lodash.castarray",
        "lodash.isplainobject",
        "lodash.merge",
        "postcss-selector-parser",
        "tailwindcss"
      ]
    },
    "@tailwindcss/vite@4.1.7_vite@6.3.5__picomatch@4.0.2": {
      "integrity": "sha512-tYa2fO3zDe41I7WqijyVbRd8oWT0aEID1Eokz5hMT6wShLIHj3yvwj9XbfuloHP9glZ6H+aG2AN/+ZrxJ1Y5RQ==",
      "dependencies": [
        "@tailwindcss/node",
        "@tailwindcss/oxide",
        "tailwindcss",
        "vite"
      ]
    },
    "@tybys/wasm-util@0.9.0": {
      "integrity": "sha512-6+7nlbMVX/PVDCwaIQ8nTOPveOcFLSt8GcXdx8hD0bt39uWxYT88uXzqTd4fTvqta7oeUJqudepapKNt2DYJFw==",
      "dependencies": [
        "tslib"
      ]
    },
    "@types/cookie@0.6.0": {
      "integrity": "sha512-4Kh9a6B2bQciAhf7FSuMRRkUWecJgJu9nPnx3yzpsfXX/c50REIqpHY4C82bXP90qrLtXtkDxTZosYO3UpOwlA=="
    },
    "@types/estree@1.0.7": {
      "integrity": "sha512-w28IoSUCJpidD/TGviZwwMJckNESJZXFu7NBZ5YJ4mEUnNraUn9Pm8HSZm/jDF1pDWYKspWE7oVphigUPRakIQ=="
    },
    "@types/node@22.15.15": {
      "integrity": "sha512-R5muMcZob3/Jjchn5LcO8jdKwSCbzqmPB6ruBxMcf9kbxtniZHP327s6C37iOfuw8mbKK3cAQa7sEl7afLrQ8A==",
      "dependencies": [
        "undici-types"
      ]
    },
    "@types/offscreencanvas@2019.7.3": {
      "integrity": "sha512-ieXiYmgSRXUDeOntE1InxjWyvEelZGP63M+cGuquuRLuIKKT1osnkXjxev9B7d1nXSug5vpunx+gNlbVxMlC9A=="
    },
    "@types/qrcode@1.5.5": {
      "integrity": "sha512-CdfBi/e3Qk+3Z/fXYShipBT13OJ2fDO2Q2w5CIP5anLTLIndQG9z6P1cnm+8zCWSpm5dnxMFd/uREtb0EXuQzg==",
      "dependencies": [
        "@types/node"
      ]
    },
    "acorn@8.14.1": {
      "integrity": "sha512-OvQ/2pUDKmgfCg++xsTX1wGxfTaszcHVcTctW4UJB4hibJx2HXxxO5UmVgyjMa+ZDsiaf5wWLXYpRWMmBI0QHg==",
      "bin": true
    },
    "ansi-regex@5.0.1": {
      "integrity": "sha512-quJQXlTSUGL2LH9SUXo8VwsY4soanhgo6LNSm84E1LBcE8s3O0wpdiRzyR9z/ZZJMlMWv37qOOb9pdJlMUEKFQ=="
    },
    "ansi-styles@4.3.0": {
      "integrity": "sha512-zbB9rCJAT1rbjiVDb2hqKFHNYLxgtk8NURxZ3IZwD3F6NtxbXZQCnnSi1Lkx+IDohdPlFp222wVALIheZJQSEg==",
      "dependencies": [
        "color-convert"
      ]
    },
    "aria-query@5.3.2": {
      "integrity": "sha512-COROpnaoap1E2F000S62r6A60uHZnmlvomhfyT2DlTcrY1OrBKn2UhH7qn5wTC9zMvD0AY7csdPSNwKP+7WiQw=="
    },
    "axobject-query@4.1.0": {
      "integrity": "sha512-qIj0G9wZbMGNLjLmg1PT6v2mE9AH2zlnADJD/2tC6E00hgmhUOfEB6greHPAfLRSufHqROIUTkw6E+M3lH0PTQ=="
    },
    "camelcase@5.3.1": {
      "integrity": "sha512-L28STB170nwWS63UjtlEOE3dldQApaJXZkOI1uMFfzf3rRuPegHaHesyee+YxQ+W6SvRDQV6UrdOdRiR153wJg=="
    },
    "chokidar@4.0.3": {
      "integrity": "sha512-Qgzu8kfBvo+cA4962jnP1KkS6Dop5NS6g7R5LFYJr4b8Ub94PPQXUksCw9PvXoeXPRRddRNC5C1JQUR2SMGtnA==",
      "dependencies": [
        "readdirp"
      ]
    },
    "chownr@3.0.0": {
      "integrity": "sha512-+IxzY9BZOQd/XuYPRmrvEVjF/nqj5kgT4kEq7VofrDoM1MxoRjEWkrCC3EtLi59TVawxTAn+orJwFQcrqEN1+g=="
    },
    "cliui@6.0.0": {
      "integrity": "sha512-t6wbgtoCXvAzst7QgXxJYqPt0usEfbgQdftEPbLL/cvv6HPE5VgvqCuAIDR0NgU52ds6rFwqrgakNLrHEjCbrQ==",
      "dependencies": [
        "string-width",
        "strip-ansi",
        "wrap-ansi"
      ]
    },
    "clsx@2.1.1": {
      "integrity": "sha512-eYm0QWBtUrBWZWG0d386OGAw16Z995PiOVo2B7bjWSbHedGl5e0ZWaq65kOGgUSNesEIDkB9ISbTg/JK9dhCZA=="
    },
    "color-convert@2.0.1": {
      "integrity": "sha512-RRECPsj7iu/xb5oKYcsFHSppFNnsj/52OVTRKb4zP5onXwVF3zVmmToNcOfGC+CRDpfK/U584fMg38ZHCaElKQ==",
      "dependencies": [
        "color-name"
      ]
    },
    "color-name@1.1.4": {
      "integrity": "sha512-dOy+3AuW3a2wNbZHIuMZpTcgjGuLU/uBL/ubcZF9OXbDo8ff4O8yVp5Bf0efS8uEoYo5q4Fx7dY9OgQGXgAsQA=="
    },
    "cookie@0.6.0": {
      "integrity": "sha512-U71cyTamuh1CRNCfpGY6to28lxvNwPG4Guz/EVjgf3Jmzv0vlDp1atT9eS5dDjMYHucpHbWns6Lwf3BKz6svdw=="
    },
    "cssesc@3.0.0": {
      "integrity": "sha512-/Tb/JcjK111nNScGob5MNtsntNM1aCNUDipB/TkwZFhyDrrE47SOx/18wF2bbjgc3ZzCSKW1T5nt5EbFoAz/Vg==",
      "bin": true
    },
    "debug@4.4.1": {
      "integrity": "sha512-KcKCqiftBJcZr++7ykoDIEwSa3XWowTfNPo92BYxjXiyYEVrUQh2aLyhxBCwww+heortUFxEJYcRzosstTEBYQ==",
      "dependencies": [
        "ms"
      ]
    },
    "decamelize@1.2.0": {
      "integrity": "sha512-z2S+W9X73hAUUki+N+9Za2lBlun89zigOyGrsax+KUQ6wKW4ZoWpEYBkGhQjwAjjDCkWxhY0VKEhk8wzY7F5cA=="
    },
    "deepmerge@4.3.1": {
      "integrity": "sha512-3sUqbMEc77XqpdNO7FRyRog+eW3ph+GYCbj+rK+uYyRMuwsVy0rMiVtPn+QJlKFvWP/1PYpapqYn0Me2knFn+A=="
    },
    "detect-libc@2.0.4": {
      "integrity": "sha512-3UDv+G9CsCKO1WKMGw9fwq/SWJYbI0c5Y7LU1AXYoDdbhE2AHQ6N6Nb34sG8Fj7T5APy8qXDCKuuIHd1BR0tVA=="
    },
    "devalue@5.1.1": {
      "integrity": "sha512-maua5KUiapvEwiEAe+XnlZ3Rh0GD+qI1J/nb9vrJc3muPXvcF/8gXYTWF76+5DAqHyDUtOIImEuo0YKE9mshVw=="
    },
    "dijkstrajs@1.0.3": {
      "integrity": "sha512-qiSlmBq9+BCdCA/L46dw8Uy93mloxsPSbwnm5yrKn2vMPiy8KyAskTF6zuV/j5BMsmOGZDPs7KjU+mjb670kfA=="
    },
    "emoji-regex@8.0.0": {
      "integrity": "sha512-MSjYzcWNOA0ewAHpz0MxpYFvwg6yjy1NG3xteoqz644VCo/RPgnr1/GGt+ic3iJTzQ8Eu3TdM14SawnVUmGE6A=="
    },
    "enhanced-resolve@5.18.1": {
      "integrity": "sha512-ZSW3ma5GkcQBIpwZTSRAI8N71Uuwgs93IezB7mf7R60tC8ZbJideoDNKjHn2O9KIlx6rkGTTEk1xUCK2E1Y2Yg==",
      "dependencies": [
        "graceful-fs",
        "tapable"
      ]
    },
    "esbuild@0.25.4": {
      "integrity": "sha512-8pgjLUcUjcgDg+2Q4NYXnPbo/vncAY4UmyaCm0jZevERqCHZIaWwdJHkf8XQtu4AxSKCdvrUbT0XUr1IdZzI8Q==",
      "optionalDependencies": [
        "@esbuild/aix-ppc64",
        "@esbuild/android-arm",
        "@esbuild/android-arm64",
        "@esbuild/android-x64",
        "@esbuild/darwin-arm64",
        "@esbuild/darwin-x64",
        "@esbuild/freebsd-arm64",
        "@esbuild/freebsd-x64",
        "@esbuild/linux-arm",
        "@esbuild/linux-arm64",
        "@esbuild/linux-ia32",
        "@esbuild/linux-loong64",
        "@esbuild/linux-mips64el",
        "@esbuild/linux-ppc64",
        "@esbuild/linux-riscv64",
        "@esbuild/linux-s390x",
        "@esbuild/linux-x64",
        "@esbuild/netbsd-arm64",
        "@esbuild/netbsd-x64",
        "@esbuild/openbsd-arm64",
        "@esbuild/openbsd-x64",
        "@esbuild/sunos-x64",
        "@esbuild/win32-arm64",
        "@esbuild/win32-ia32",
        "@esbuild/win32-x64"
      ],
      "scripts": true,
      "bin": true
    },
    "esm-env@1.2.2": {
      "integrity": "sha512-Epxrv+Nr/CaL4ZcFGPJIYLWFom+YeV1DqMLHJoEd9SYRxNbaFruBwfEX/kkHUJf55j2+TUbmDcmuilbP1TmXHA=="
    },
    "esrap@1.4.6": {
      "integrity": "sha512-F/D2mADJ9SHY3IwksD4DAXjTt7qt7GWUf3/8RhCNWmC/67tyb55dpimHmy7EplakFaflV0R/PC+fdSPqrRHAQw==",
      "dependencies": [
        "@jridgewell/sourcemap-codec"
      ]
    },
    "eventemitter3@4.0.7": {
      "integrity": "sha512-8guHBZCwKnFhYdHr2ysuRWErTwhoN2X8XELRlrRwpmfeY2jjuUN4taQMsULKUVo1K4DvZl+0pgfyoysHxvmvEw=="
    },
    "fdir@6.4.4_picomatch@4.0.2": {
      "integrity": "sha512-1NZP+GK4GfuAv3PqKvxQRDMjdSRZjnkq7KfhlNrCNNlZ0ygQFpebfrnfnq/W7fpUnAv9aGWmY1zKx7FYL3gwhg==",
      "dependencies": [
        "picomatch"
      ],
      "optionalPeers": [
        "picomatch"
      ]
    },
    "find-up@4.1.0": {
      "integrity": "sha512-PpOwAdQ/YlXQ2vj8a3h8IipDuYRi3wceVQQGYWxNINccq40Anw7BlsEXCMbt1Zt+OLA6Fq9suIpIWD0OsnISlw==",
      "dependencies": [
        "locate-path",
        "path-exists"
      ]
    },
    "fsevents@2.3.3": {
      "integrity": "sha512-5xoDfX+fL7faATnagmWPpbFtwh/R77WmMMqqHGS65C3vvB0YHrgF+B1YmZ3441tMj5n63k0212XNoJwzlhffQw==",
      "os": ["darwin"],
      "scripts": true
    },
    "get-caller-file@2.0.5": {
      "integrity": "sha512-DyFP3BM/3YHTQOCUL/w0OZHR0lpKeGrxotcHWcqNEdnltqFwXVfhEBQ94eIo34AfQpo0rGki4cyIiftY06h2Fg=="
    },
    "graceful-fs@4.2.11": {
      "integrity": "sha512-RbJ5/jmFcNNCcDV5o9eTnBLJ/HszWV0P73bc+Ff4nS/rJj+YaS6IGyiOL0VoBYX+l1Wrl3k63h/KrH+nhJ0XvQ=="
    },
    "is-fullwidth-code-point@3.0.0": {
      "integrity": "sha512-zymm5+u+sCsSWyD9qNaejV3DFvhCKclKdizYaJUuHA83RLjb7nSuGnddCHGv0hk+KY7BMAlsWeK4Ueg6EV6XQg=="
    },
    "is-reference@3.0.3": {
      "integrity": "sha512-ixkJoqQvAP88E6wLydLGGqCJsrFUnqoH6HnaczB8XmDH1oaWU+xxdptvikTgaEhtZ53Ky6YXiBuUI2WXLMCwjw==",
      "dependencies": [
        "@types/estree"
      ]
    },
    "jiti@2.4.2": {
      "integrity": "sha512-rg9zJN+G4n2nfJl5MW3BMygZX56zKPNVEYYqq7adpmMh4Jn2QNEwhvQlFy6jPVdcod7txZtKHWnyZiA3a0zP7A==",
      "bin": true
    },
    "kleur@4.1.5": {
      "integrity": "sha512-o+NO+8WrRiQEE4/7nwRJhN1HWpVmJm511pBHUxPLtp0BUISzlBplORYSmTclCnJvQq2tKu/sgl3xVpkc7ZWuQQ=="
    },
    "lightningcss-darwin-arm64@1.30.1": {
      "integrity": "sha512-c8JK7hyE65X1MHMN+Viq9n11RRC7hgin3HhYKhrMyaXflk5GVplZ60IxyoVtzILeKr+xAJwg6zK6sjTBJ0FKYQ==",
      "os": ["darwin"],
      "cpu": ["arm64"]
    },
    "lightningcss-darwin-x64@1.30.1": {
      "integrity": "sha512-k1EvjakfumAQoTfcXUcHQZhSpLlkAuEkdMBsI/ivWw9hL+7FtilQc0Cy3hrx0AAQrVtQAbMI7YjCgYgvn37PzA==",
      "os": ["darwin"],
      "cpu": ["x64"]
    },
    "lightningcss-freebsd-x64@1.30.1": {
      "integrity": "sha512-kmW6UGCGg2PcyUE59K5r0kWfKPAVy4SltVeut+umLCFoJ53RdCUWxcRDzO1eTaxf/7Q2H7LTquFHPL5R+Gjyig==",
      "os": ["freebsd"],
      "cpu": ["x64"]
    },
    "lightningcss-linux-arm-gnueabihf@1.30.1": {
      "integrity": "sha512-MjxUShl1v8pit+6D/zSPq9S9dQ2NPFSQwGvxBCYaBYLPlCWuPh9/t1MRS8iUaR8i+a6w7aps+B4N0S1TYP/R+Q==",
      "os": ["linux"],
      "cpu": ["arm"]
    },
    "lightningcss-linux-arm64-gnu@1.30.1": {
      "integrity": "sha512-gB72maP8rmrKsnKYy8XUuXi/4OctJiuQjcuqWNlJQ6jZiWqtPvqFziskH3hnajfvKB27ynbVCucKSm2rkQp4Bw==",
      "os": ["linux"],
      "cpu": ["arm64"]
    },
    "lightningcss-linux-arm64-musl@1.30.1": {
      "integrity": "sha512-jmUQVx4331m6LIX+0wUhBbmMX7TCfjF5FoOH6SD1CttzuYlGNVpA7QnrmLxrsub43ClTINfGSYyHe2HWeLl5CQ==",
      "os": ["linux"],
      "cpu": ["arm64"]
    },
    "lightningcss-linux-x64-gnu@1.30.1": {
      "integrity": "sha512-piWx3z4wN8J8z3+O5kO74+yr6ze/dKmPnI7vLqfSqI8bccaTGY5xiSGVIJBDd5K5BHlvVLpUB3S2YCfelyJ1bw==",
      "os": ["linux"],
      "cpu": ["x64"]
    },
    "lightningcss-linux-x64-musl@1.30.1": {
      "integrity": "sha512-rRomAK7eIkL+tHY0YPxbc5Dra2gXlI63HL+v1Pdi1a3sC+tJTcFrHX+E86sulgAXeI7rSzDYhPSeHHjqFhqfeQ==",
      "os": ["linux"],
      "cpu": ["x64"]
    },
    "lightningcss-win32-arm64-msvc@1.30.1": {
      "integrity": "sha512-mSL4rqPi4iXq5YVqzSsJgMVFENoa4nGTT/GjO2c0Yl9OuQfPsIfncvLrEW6RbbB24WtZ3xP/2CCmI3tNkNV4oA==",
      "os": ["win32"],
      "cpu": ["arm64"]
    },
    "lightningcss-win32-x64-msvc@1.30.1": {
      "integrity": "sha512-PVqXh48wh4T53F/1CCu8PIPCxLzWyCnn/9T5W1Jpmdy5h9Cwd+0YQS6/LwhHXSafuc61/xg9Lv5OrCby6a++jg==",
      "os": ["win32"],
      "cpu": ["x64"]
    },
    "lightningcss@1.30.1": {
      "integrity": "sha512-xi6IyHML+c9+Q3W0S4fCQJOym42pyurFiJUHEcEyHS0CeKzia4yZDEsLlqOFykxOdHpNy0NmvVO31vcSqAxJCg==",
      "dependencies": [
        "detect-libc"
      ],
      "optionalDependencies": [
        "lightningcss-darwin-arm64",
        "lightningcss-darwin-x64",
        "lightningcss-freebsd-x64",
        "lightningcss-linux-arm-gnueabihf",
        "lightningcss-linux-arm64-gnu",
        "lightningcss-linux-arm64-musl",
        "lightningcss-linux-x64-gnu",
        "lightningcss-linux-x64-musl",
        "lightningcss-win32-arm64-msvc",
        "lightningcss-win32-x64-msvc"
      ]
    },
    "locate-character@3.0.0": {
      "integrity": "sha512-SW13ws7BjaeJ6p7Q6CO2nchbYEc3X3J6WrmTTDto7yMPqVSZTUyY5Tjbid+Ab8gLnATtygYtiDIJGQRRn2ZOiA=="
    },
    "locate-path@5.0.0": {
      "integrity": "sha512-t7hw9pI+WvuwNJXwk5zVHpyhIqzg2qTlklJOf0mVxGSbe3Fp2VieZcduNYjaLDoy6p9uGpQEGWG87WpMKlNq8g==",
      "dependencies": [
        "p-locate"
      ]
    },
    "lodash.castarray@4.4.0": {
      "integrity": "sha512-aVx8ztPv7/2ULbArGJ2Y42bG1mEQ5mGjpdvrbJcJFU3TbYybe+QlLS4pst9zV52ymy2in1KpFPiZnAOATxD4+Q=="
    },
    "lodash.isplainobject@4.0.6": {
      "integrity": "sha512-oSXzaWypCMHkPC3NvBEaPHf0KsA5mvPrOPgQWDsbg8n7orZ290M0BmC/jgRZ4vcJ6DTAhjrsSYgdsW/F+MFOBA=="
    },
    "lodash.merge@4.6.2": {
      "integrity": "sha512-0KpjqXRVvrYyCsX1swR/XTK0va6VQkQM6MNo7PqW77ByjAhoARA8EfrP1N4+KlKj8YS0ZUCtRT/YUuhyYDujIQ=="
    },
    "magic-string@0.30.17": {
      "integrity": "sha512-sNPKHvyjVf7gyjwS4xGTaW/mCnF8wnjtifKBEhxfZ7E/S8tQ0rssrwGNn6q8JH/ohItJfSQp9mBtQYuTlH5QnA==",
      "dependencies": [
        "@jridgewell/sourcemap-codec"
      ]
    },
    "mini-svg-data-uri@1.4.4": {
      "integrity": "sha512-r9deDe9p5FJUPZAk3A59wGH7Ii9YrjjWw0jmw/liSbHl2CHiyXj6FcDXDu2K3TjVAXqiJdaw3xxwlZZr9E6nHg==",
      "bin": true
    },
    "minipass@7.1.2": {
      "integrity": "sha512-qOOzS1cBTWYF4BH8fVePDBOO9iptMnGUEZwNc/cMWnTV2nVLZ7VoNWEPHkYczZA0pdoA7dl6e7FL659nX9S2aw=="
    },
    "minizlib@3.0.2": {
      "integrity": "sha512-oG62iEk+CYt5Xj2YqI5Xi9xWUeZhDI8jjQmC5oThVH5JGCTgIjr7ciJDzC7MBzYd//WvR1OTmP5Q38Q8ShQtVA==",
      "dependencies": [
        "minipass"
      ]
    },
    "mkdirp@3.0.1": {
      "integrity": "sha512-+NsyUUAZDmo6YVHzL/stxSu3t9YS1iljliy3BSDrXJ/dkn1KYdmtZODGGjLcc9XLgVVpH4KshHB8XmZgMhaBXg==",
      "bin": true
    },
    "mri@1.2.0": {
      "integrity": "sha512-tzzskb3bG8LvYGFF/mDTpq3jpI6Q9wc3LEmBaghu+DdCssd1FakN7Bc0hVNmEyGq1bq3RgfkCb3cmQLpNPOroA=="
    },
    "mrmime@2.0.1": {
      "integrity": "sha512-Y3wQdFg2Va6etvQ5I82yUhGdsKrcYox6p7FfL1LbK2J4V01F9TGlepTIhnK24t7koZibmg82KGglhA1XK5IsLQ=="
    },
    "ms@2.1.3": {
      "integrity": "sha512-6FlzubTLZG3J2a/NVCAleEhjzq5oxgHyaCU9yYXvcLsvoVaHJq/s5xXI6/XXP6tz7R9xAOtHnSO/tXtF3WRTlA=="
    },
    "nanoid@3.3.11": {
      "integrity": "sha512-N8SpfPUnUp1bK+PMYW8qSWdl9U+wwNWI4QKxOYDy9JAro3WMX7p2OeVRF9v+347pnakNevPmiHhNmZ2HbFA76w==",
      "bin": true
    },
    "p-limit@2.3.0": {
      "integrity": "sha512-//88mFWSJx8lxCzwdAABTJL2MyWB12+eIY7MDL2SqLmAkeKU9qxRvWuSyTjm3FUmpBEMuFfckAIqEaVGUDxb6w==",
      "dependencies": [
        "p-try"
      ]
    },
    "p-locate@4.1.0": {
      "integrity": "sha512-R79ZZ/0wAxKGu3oYMlz8jy/kbhsNrS7SKZ7PxEHBgJ5+F2mtFW2fK2cOtBh1cHYkQsbzFV7I+EoRKe6Yt0oK7A==",
      "dependencies": [
        "p-limit"
      ]
    },
    "p-try@2.2.0": {
      "integrity": "sha512-R4nPAVTAU0B9D35/Gk3uJf/7XYbQcyohSKdvAxIRSNghFl4e71hVoGnBNQz9cWaXxO2I10KTC+3jMdvvoKw6dQ=="
    },
    "path-exists@4.0.0": {
      "integrity": "sha512-ak9Qy5Q7jYb2Wwcey5Fpvg2KoAc/ZIhLSLOSBmRmygPsGwkVVt0fZa0qrtMz+m6tJTAHfZQ8FnmB4MG4LWy7/w=="
    },
    "peerjs-js-binarypack@2.1.0": {
      "integrity": "sha512-YIwCC+pTzp3Bi8jPI9UFKO0t0SLo6xALnHkiNt/iUFmUUZG0fEEmEyFKvjsDKweiFitzHRyhuh6NvyJZ4nNxMg=="
    },
    "peerjs@1.5.4": {
      "integrity": "sha512-yFsoLMnurJKlQbx6kVSBpOp+AlNldY1JQS2BrSsHLKCZnq6t7saHleuHM5svuLNbQkUJXHLF3sKOJB1K0xulOw==",
      "dependencies": [
        "@msgpack/msgpack",
        "eventemitter3",
        "peerjs-js-binarypack",
        "webrtc-adapter"
      ]
    },
    "picocolors@1.1.1": {
      "integrity": "sha512-xceH2snhtb5M9liqDsmEw56le376mTZkEX/jEb/RxNFyegNul7eNslCXP9FDj/Lcu0X8KEyMceP2ntpaHrDEVA=="
    },
    "picomatch@4.0.2": {
      "integrity": "sha512-M7BAV6Rlcy5u+m6oPhAPFgJTzAioX/6B0DxyvDlo9l8+T3nLKbrczg2WLUyzd45L8RqfUMyGPzekbMvX2Ldkwg=="
    },
    "pngjs@5.0.0": {
      "integrity": "sha512-40QW5YalBNfQo5yRYmiw7Yz6TKKVr3h6970B2YE+3fQpsWcrbj1PzJgxeJ19DRQjhMbKPIuMY8rFaXc8moolVw=="
    },
    "postcss-selector-parser@6.0.10": {
      "integrity": "sha512-IQ7TZdoaqbT+LCpShg46jnZVlhWD2w6iQYAcYXfHARZ7X1t/UGhhceQDs5X0cGqKvYlHNOuv7Oa1xmb0oQuA3w==",
      "dependencies": [
        "cssesc",
        "util-deprecate"
      ]
    },
    "postcss@8.5.3": {
      "integrity": "sha512-dle9A3yYxlBSrt8Fu+IpjGT8SY8hN0mlaA6GY8t0P5PjIOZemULz/E2Bnm/2dcUOena75OTNkHI76uZBNUUq3A==",
      "dependencies": [
        "nanoid",
        "picocolors",
        "source-map-js"
      ]
    },
    "qr-scanner@1.4.2": {
      "integrity": "sha512-kV1yQUe2FENvn59tMZW6mOVfpq9mGxGf8l6+EGaXUOd4RBOLg7tRC83OrirM5AtDvZRpdjdlXURsHreAOSPOUw==",
      "dependencies": [
        "@types/offscreencanvas"
      ]
    },
    "qrcode@1.5.4": {
      "integrity": "sha512-1ca71Zgiu6ORjHqFBDpnSMTR2ReToX4l1Au1VFLyVeBTFavzQnv5JxMFr3ukHVKpSrSA2MCk0lNJSykjUfz7Zg==",
      "dependencies": [
        "dijkstrajs",
        "pngjs",
        "yargs"
      ],
      "bin": true
    },
    "readdirp@4.1.2": {
      "integrity": "sha512-GDhwkLfywWL2s6vEjyhri+eXmfH6j1L7JE27WhqLeYzoh/A3DBaYGEj2H/HFZCn/kMfim73FXxEJTw06WtxQwg=="
    },
    "require-directory@2.1.1": {
      "integrity": "sha512-fGxEI7+wsG9xrvdjsrlmL22OMTTiHRwAMroiEeMgq8gzoLC/PQr7RsRDSTLUg/bZAZtF+TVIkHc6/4RIKrui+Q=="
    },
    "require-main-filename@2.0.0": {
      "integrity": "sha512-NKN5kMDylKuldxYLSUfrbo5Tuzh4hd+2E8NPPX02mZtn1VuREQToYe/ZdlJy+J3uCpfaiGF05e7B8W0iXbQHmg=="
    },
    "rollup@4.41.0": {
      "integrity": "sha512-HqMFpUbWlf/tvcxBFNKnJyzc7Lk+XO3FGc3pbNBLqEbOz0gPLRgcrlS3UF4MfUrVlstOaP/q0kM6GVvi+LrLRg==",
      "dependencies": [
        "@types/estree"
      ],
      "optionalDependencies": [
        "@rollup/rollup-android-arm-eabi",
        "@rollup/rollup-android-arm64",
        "@rollup/rollup-darwin-arm64",
        "@rollup/rollup-darwin-x64",
        "@rollup/rollup-freebsd-arm64",
        "@rollup/rollup-freebsd-x64",
        "@rollup/rollup-linux-arm-gnueabihf",
        "@rollup/rollup-linux-arm-musleabihf",
        "@rollup/rollup-linux-arm64-gnu",
        "@rollup/rollup-linux-arm64-musl",
        "@rollup/rollup-linux-loongarch64-gnu",
        "@rollup/rollup-linux-powerpc64le-gnu",
        "@rollup/rollup-linux-riscv64-gnu",
        "@rollup/rollup-linux-riscv64-musl",
        "@rollup/rollup-linux-s390x-gnu",
        "@rollup/rollup-linux-x64-gnu",
        "@rollup/rollup-linux-x64-musl",
        "@rollup/rollup-win32-arm64-msvc",
        "@rollup/rollup-win32-ia32-msvc",
        "@rollup/rollup-win32-x64-msvc",
        "fsevents"
      ],
      "bin": true
    },
    "sade@1.8.1": {
      "integrity": "sha512-xal3CZX1Xlo/k4ApwCFrHVACi9fBqJ7V+mwhBsuf/1IOKbBy098Fex+Wa/5QMubw09pSZ/u8EY8PWgevJsXp1A==",
      "dependencies": [
        "mri"
      ]
    },
    "sdp@3.2.0": {
      "integrity": "sha512-d7wDPgDV3DDiqulJjKiV2865wKsJ34YI+NDREbm+FySq6WuKOikwyNQcm+doLAZ1O6ltdO0SeKle2xMpN3Brgw=="
    },
    "set-blocking@2.0.0": {
      "integrity": "sha512-KiKBS8AnWGEyLzofFfmvKwpdPzqiy16LvQfK3yv/fVH7Bj13/wl3JSR1J+rfgRE9q7xUJK4qvgS8raSOeLUehw=="
    },
    "set-cookie-parser@2.7.1": {
      "integrity": "sha512-IOc8uWeOZgnb3ptbCURJWNjWUPcO3ZnTTdzsurqERrP6nPyv+paC55vJM0LpOlT2ne+Ix+9+CRG1MNLlyZ4GjQ=="
    },
    "sirv@3.0.1": {
      "integrity": "sha512-FoqMu0NCGBLCcAkS1qA+XJIQTR6/JHfQXl+uGteNCQ76T91DMUjPa9xfmeqMY3z80nLSg9yQmNjK0Px6RWsH/A==",
      "dependencies": [
        "@polka/url",
        "mrmime",
        "totalist"
      ]
    },
    "source-map-js@1.2.1": {
      "integrity": "sha512-UXWMKhLOwVKb728IUtQPXxfYU+usdybtUrK/8uGE8CQMvrhOpwvzDBwj0QhSL7MQc7vIsISBG8VQ8+IDQxpfQA=="
    },
    "string-width@4.2.3": {
      "integrity": "sha512-wKyQRQpjJ0sIp62ErSZdGsjMJWsap5oRNihHhu6G7JVO/9jIB6UyevL+tXuOqrng8j/cxKTWyWUwvSTriiZz/g==",
      "dependencies": [
        "emoji-regex",
        "is-fullwidth-code-point",
        "strip-ansi"
      ]
    },
    "strip-ansi@6.0.1": {
      "integrity": "sha512-Y38VPSHcqkFrCpFnQ9vuSXmquuv5oXOKpGeT6aGrr3o3Gc9AlVa6JBfUSOCnbxGGZF+/0ooI7KrPuUSztUdU5A==",
      "dependencies": [
        "ansi-regex"
      ]
    },
    "svelte-check@4.2.1_svelte@5.33.1__acorn@8.14.1_typescript@5.8.3": {
      "integrity": "sha512-e49SU1RStvQhoipkQ/aonDhHnG3qxHSBtNfBRb9pxVXoa+N7qybAo32KgA9wEb2PCYFNaDg7bZCdhLD1vHpdYA==",
      "dependencies": [
        "@jridgewell/trace-mapping",
        "chokidar",
        "fdir",
        "picocolors",
        "sade",
        "svelte",
        "typescript"
      ],
      "bin": true
    },
    "svelte@5.33.1_acorn@8.14.1": {
      "integrity": "sha512-7znzaaQALL62NBzkdKV04tmYIVla8qjrW+k6GdgFZcKcj8XOb8iEjmfRPo40iaWZlKv3+uiuc0h4iaGgwoORtA==",
      "dependencies": [
        "@ampproject/remapping",
        "@jridgewell/sourcemap-codec",
        "@sveltejs/acorn-typescript",
        "@types/estree",
        "acorn",
        "aria-query",
        "axobject-query",
        "clsx",
        "esm-env",
        "esrap",
        "is-reference",
        "locate-character",
        "magic-string",
        "zimmerframe"
      ]
    },
    "tailwindcss@4.1.7": {
      "integrity": "sha512-kr1o/ErIdNhTz8uzAYL7TpaUuzKIE6QPQ4qmSdxnoX/lo+5wmUHQA6h3L5yIqEImSRnAAURDirLu/BgiXGPAhg=="
    },
    "tapable@2.2.2": {
      "integrity": "sha512-Re10+NauLTMCudc7T5WLFLAwDhQ0JWdrMK+9B2M8zR5hRExKmsRDCBA7/aV/pNJFltmBFO5BAMlQFi/vq3nKOg=="
    },
    "tar@7.4.3": {
      "integrity": "sha512-5S7Va8hKfV7W5U6g3aYxXmlPoZVAwUMy9AOKyF2fVuZa2UD3qZjg578OrLRt8PcNN1PleVaL/5/yYATNL0ICUw==",
      "dependencies": [
        "@isaacs/fs-minipass",
        "chownr",
        "minipass",
        "minizlib",
        "mkdirp",
        "yallist"
      ]
    },
    "tinyglobby@0.2.13_picomatch@4.0.2": {
      "integrity": "sha512-mEwzpUgrLySlveBwEVDMKk5B57bhLPYovRfPAXD5gA/98Opn0rCDj3GtLwFvCvH5RK9uPCExUROW5NjDwvqkxw==",
      "dependencies": [
        "fdir",
        "picomatch"
      ]
    },
    "totalist@3.0.1": {
      "integrity": "sha512-sf4i37nQ2LBx4m3wB74y+ubopq6W/dIzXg0FDGjsYnZHVa1Da8FH853wlL2gtUhg+xJXjfk3kUZS3BRoQeoQBQ=="
    },
    "tslib@2.8.1": {
      "integrity": "sha512-oJFu94HQb+KVduSUQL7wnpmqnfmLsOA/nAh6b6EH0wCEoK0/mPeXU6c3wKDV83MkOuHPRHtSXKKU99IBazS/2w=="
    },
    "typescript@5.8.3": {
      "integrity": "sha512-p1diW6TqL9L07nNxvRMM7hMMw4c5XOo/1ibL4aAIGmSAt9slTE1Xgw5KWuof2uTOvCg9BY7ZRi+GaF+7sfgPeQ==",
      "bin": true
    },
    "undici-types@6.21.0": {
      "integrity": "sha512-iwDZqg0QAGrg9Rav5H4n0M64c3mkR59cJ6wQp+7C4nI0gsmExaedaYLNO44eT4AtBBwjbTiGPMlt2Md0T9H9JQ=="
    },
    "util-deprecate@1.0.2": {
      "integrity": "sha512-EPD5q1uXyFxJpCrLnCc1nHnq3gOa6DZBocAIiI2TaSCA7VCJ1UJDMagCzIkXNsUYfD1daK//LTEQ8xiIbrHtcw=="
    },
    "vite@6.3.5_picomatch@4.0.2": {
      "integrity": "sha512-cZn6NDFE7wdTpINgs++ZJ4N49W2vRp8LCKrn3Ob1kYNtOo21vfDoaV5GzBfLU4MovSAB8uNRm4jgzVQZ+mBzPQ==",
      "dependencies": [
        "esbuild",
        "fdir",
        "picomatch",
        "postcss",
        "rollup",
        "tinyglobby"
      ],
      "optionalDependencies": [
        "fsevents"
      ],
      "bin": true
    },
    "vitefu@1.0.6_vite@6.3.5__picomatch@4.0.2": {
      "integrity": "sha512-+Rex1GlappUyNN6UfwbVZne/9cYC4+R2XDk9xkNXBKMw6HQagdX9PgZ8V2v1WUSK1wfBLp7qbI1+XSNIlB1xmA==",
      "dependencies": [
        "vite"
      ],
      "optionalPeers": [
        "vite"
      ]
    },
    "webrtc-adapter@9.0.3": {
      "integrity": "sha512-5fALBcroIl31OeXAdd1YUntxiZl1eHlZZWzNg3U4Fn+J9/cGL3eT80YlrsWGvj2ojuz1rZr2OXkgCzIxAZ7vRQ==",
      "dependencies": [
        "sdp"
      ]
    },
    "which-module@2.0.1": {
      "integrity": "sha512-iBdZ57RDvnOR9AGBhML2vFZf7h8vmBjhoaZqODJBFWHVtKkDmKuHai3cx5PgVMrX5YDNp27AofYbAwctSS+vhQ=="
    },
    "wrap-ansi@6.2.0": {
      "integrity": "sha512-r6lPcBGxZXlIcymEu7InxDMhdW0KDxpLgoFLcguasxCaJ/SOIZwINatK9KY/tf+ZrlywOKU0UDj3ATXUBfxJXA==",
      "dependencies": [
        "ansi-styles",
        "string-width",
        "strip-ansi"
      ]
    },
    "y18n@4.0.3": {
      "integrity": "sha512-JKhqTOwSrqNA1NY5lSztJ1GrBiUodLMmIZuLiDaMRJ+itFd+ABVE8XBjOvIWL+rSqNDC74LCSFmlb/U4UZ4hJQ=="
    },
    "yallist@5.0.0": {
      "integrity": "sha512-YgvUTfwqyc7UXVMrB+SImsVYSmTS8X/tSrtdNZMImM+n7+QTriRXyXim0mBrTXNeqzVF0KWGgHPeiyViFFrNDw=="
    },
    "yargs-parser@18.1.3": {
      "integrity": "sha512-o50j0JeToy/4K6OZcaQmW6lyXXKhq7csREXcDwk2omFPJEwUNOVtJKvmDr9EI1fAJZUyZcRF7kxGBWmRXudrCQ==",
      "dependencies": [
        "camelcase",
        "decamelize"
      ]
    },
    "yargs@15.4.1": {
      "integrity": "sha512-aePbxDmcYW++PaqBsJ+HYUFwCdv4LVvdnhBy78E57PIor8/OVvhMrADFFEDh8DHDFRv/O9i3lPhsENjO7QX0+A==",
      "dependencies": [
        "cliui",
        "decamelize",
        "find-up",
        "get-caller-file",
        "require-directory",
        "require-main-filename",
        "set-blocking",
        "string-width",
        "which-module",
        "y18n",
        "yargs-parser"
      ]
    },
    "zimmerframe@1.1.2": {
      "integrity": "sha512-rAbqEGa8ovJy4pyBxZM70hg4pE6gDgaQ0Sl9M3enG3I0d6H4XSAM3GeNGLKnsBpuijUow064sf7ww1nutC5/3w=="
    }
  },
  "workspace": {
    "packageJson": {
      "dependencies": [
        "npm:@sveltejs/adapter-auto@6",
        "npm:@sveltejs/kit@^2.16.0",
        "npm:@sveltejs/vite-plugin-svelte@5",
        "npm:@tailwindcss/forms@~0.5.9",
        "npm:@tailwindcss/typography@~0.5.15",
        "npm:@tailwindcss/vite@4",
        "npm:@types/qrcode@^1.5.5",
        "npm:peerjs@^1.5.4",
        "npm:qr-scanner@^1.4.2",
        "npm:qrcode@^1.5.4",
        "npm:svelte-check@4",
        "npm:svelte@5",
        "npm:tailwindcss@4",
        "npm:typescript@5",
        "npm:vite@^6.2.6"
      ]
    }
  }
}
